
Microsoft Visual Studio Solution File, Format Version 12.00
Project("{FAE04EC0-301F-11D3-BF4B-00C04F79EFBC}") = "Database_API", "Database_API\Database_API.csproj", "{05BDFE7D-4DCC-4458-9850-AEC840CE41EE}"
EndProject
Global
	GlobalSection(SolutionConfigurationPlatforms) = preSolution
		Debug|Any CPU = Debug|Any CPU
		Release|Any CPU = Release|Any CPU
	EndGlobalSection
	GlobalSection(ProjectConfigurationPlatforms) = postSolution
		{05BDFE7D-4DCC-4458-9850-AEC840CE41EE}.Debug|Any CPU.ActiveCfg = Debug|Any CPU
		{05BDFE7D-4DCC-4458-9850-AEC840CE41EE}.Debug|Any CPU.Build.0 = Debug|Any CPU
		{05BDFE7D-4DCC-4458-9850-AEC840CE41EE}.Release|Any CPU.ActiveCfg = Release|Any CPU
		{05BDFE7D-4DCC-4458-9850-AEC840CE41EE}.Release|Any CPU.Build.0 = Release|Any CPU
	EndGlobalSection
EndGlobal
